
Microsoft Visual Studio Solution File, Format Version 12.00
# Visual Studio Version 17
VisualStudioVersion = 17.0.31903.59
MinimumVisualStudioVersion = 10.0.40219.1
Project("{2150E333-8FDC-42A3-9474-1A3956D46DE8}") = "src", "src", "{F9BAB2CC-ADB5-4D79-89C9-54F70EE5C2C4}"
EndProject
Project("{FAE04EC0-301F-11D3-BF4B-00C04F79EFBC}") = "UvEcs.Abstractions", "src\UvEcs.Abstractions\UvEcs.Abstractions.csproj", "{6E9F36AF-18B4-4D3B-9217-30D00219BA83}"
EndProject
Project("{FAE04EC0-301F-11D3-BF4B-00C04F79EFBC}") = "UvEcs", "src\UvEcs\UvEcs.csproj", "{0CF09281-F9B1-4DA1-8776-B062D9B75868}"
EndProject
Project("{2150E333-8FDC-42A3-9474-1A3956D46DE8}") = "tests", "tests", "{DA9CF649-75C7-4773-8D7C-E575CD786C02}"
EndProject
Project("{FAE04EC0-301F-11D3-BF4B-00C04F79EFBC}") = "UvEcs.Tests", "tests\UvEcs.Tests\UvEcs.Tests.csproj", "{359D4A25-6CF4-427C-8A8B-D8C60D298C53}"
EndProject
Project("{2150E333-8FDC-42A3-9474-1A3956D46DE8}") = "bench", "bench", "{E5083D49-99B9-43FD-BBAC-ED8A6201EFAE}"
EndProject
Project("{FAE04EC0-301F-11D3-BF4B-00C04F79EFBC}") = "UvEcs.Bench", "bench\UvEcs.Bench\UvEcs.Bench.csproj", "{04BB6FEB-2369-4534-9D00-DDBAF8FFB8A0}"
EndProject
Global
	GlobalSection(SolutionConfigurationPlatforms) = preSolution
		Debug|Any CPU = Debug|Any CPU
		Release|Any CPU = Release|Any CPU
	EndGlobalSection
	GlobalSection(SolutionProperties) = preSolution
		HideSolutionNode = FALSE
	EndGlobalSection
	GlobalSection(ProjectConfigurationPlatforms) = postSolution
		{6E9F36AF-18B4-4D3B-9217-30D00219BA83}.Debug|Any CPU.ActiveCfg = Debug|Any CPU
		{6E9F36AF-18B4-4D3B-9217-30D00219BA83}.Debug|Any CPU.Build.0 = Debug|Any CPU
		{6E9F36AF-18B4-4D3B-9217-30D00219BA83}.Release|Any CPU.ActiveCfg = Release|Any CPU
		{6E9F36AF-18B4-4D3B-9217-30D00219BA83}.Release|Any CPU.Build.0 = Release|Any CPU
		{0CF09281-F9B1-4DA1-8776-B062D9B75868}.Debug|Any CPU.ActiveCfg = Debug|Any CPU
		{0CF09281-F9B1-4DA1-8776-B062D9B75868}.Debug|Any CPU.Build.0 = Debug|Any CPU
		{0CF09281-F9B1-4DA1-8776-B062D9B75868}.Release|Any CPU.ActiveCfg = Release|Any CPU
		{0CF09281-F9B1-4DA1-8776-B062D9B75868}.Release|Any CPU.Build.0 = Release|Any CPU
		{359D4A25-6CF4-427C-8A8B-D8C60D298C53}.Debug|Any CPU.ActiveCfg = Debug|Any CPU
		{359D4A25-6CF4-427C-8A8B-D8C60D298C53}.Debug|Any CPU.Build.0 = Debug|Any CPU
		{359D4A25-6CF4-427C-8A8B-D8C60D298C53}.Release|Any CPU.ActiveCfg = Release|Any CPU
		{359D4A25-6CF4-427C-8A8B-D8C60D298C53}.Release|Any CPU.Build.0 = Release|Any CPU
		{04BB6FEB-2369-4534-9D00-DDBAF8FFB8A0}.Debug|Any CPU.ActiveCfg = Debug|Any CPU
		{04BB6FEB-2369-4534-9D00-DDBAF8FFB8A0}.Debug|Any CPU.Build.0 = Debug|Any CPU
		{04BB6FEB-2369-4534-9D00-DDBAF8FFB8A0}.Release|Any CPU.ActiveCfg = Release|Any CPU
		{04BB6FEB-2369-4534-9D00-DDBAF8FFB8A0}.Release|Any CPU.Build.0 = Release|Any CPU
	EndGlobalSection
	GlobalSection(NestedProjects) = preSolution
		{6E9F36AF-18B4-4D3B-9217-30D00219BA83} = {F9BAB2CC-ADB5-4D79-89C9-54F70EE5C2C4}
		{0CF09281-F9B1-4DA1-8776-B062D9B75868} = {F9BAB2CC-ADB5-4D79-89C9-54F70EE5C2C4}
		{359D4A25-6CF4-427C-8A8B-D8C60D298C53} = {DA9CF649-75C7-4773-8D7C-E575CD786C02}
		{04BB6FEB-2369-4534-9D00-DDBAF8FFB8A0} = {E5083D49-99B9-43FD-BBAC-ED8A6201EFAE}
	EndGlobalSection
EndGlobal
